
Microsoft Visual Studio Solution File, Format Version 12.00
# Visual Studio 15
VisualStudioVersion = 15.0.28307.1082
MinimumVisualStudioVersion = 10.0.40219.1
Project("{FAE04EC0-301F-11D3-BF4B-00C04F79EFBC}") = "DrillingScript", "DrillingScript.csproj", "{F4F2C6BA-2D22-405F-82EB-576F6F5D572C}"
EndProject
Global
	GlobalSection(SolutionConfigurationPlatforms) = preSolution
		Debug|x64 = Debug|x64
	EndGlobalSection
	GlobalSection(ProjectConfigurationPlatforms) = postSolution
		{F4F2C6BA-2D22-405F-82EB-576F6F5D572C}.Debug|x64.ActiveCfg = Debug|x64
		{F4F2C6BA-2D22-405F-82EB-576F6F5D572C}.Debug|x64.Build.0 = Debug|x64
	EndGlobalSection
	GlobalSection(SolutionProperties) = preSolution
		HideSolutionNode = FALSE
	EndGlobalSection
	GlobalSection(ExtensibilityGlobals) = postSolution
		SolutionGuid = {10A0E87D-B205-4FD8-AB7B-3E324D12856B}
	EndGlobalSection
EndGlobal
