
Microsoft Visual Studio Solution File, Format Version 12.00
# Visual Studio 15
VisualStudioVersion = 15.0.28307.1082
MinimumVisualStudioVersion = 10.0.40219.1
Project("{FAE04EC0-301F-11D3-BF4B-00C04F79EFBC}") = "hangarOpenOnUndocking", "hangarOpenOnUndocking.csproj", "{83E3B53B-57ED-4FB3-9954-5BF7FA964577}"
EndProject
Global
	GlobalSection(SolutionConfigurationPlatforms) = preSolution
		Debug|x64 = Debug|x64
	EndGlobalSection
	GlobalSection(ProjectConfigurationPlatforms) = postSolution
		{83E3B53B-57ED-4FB3-9954-5BF7FA964577}.Debug|x64.ActiveCfg = Debug|x64
		{83E3B53B-57ED-4FB3-9954-5BF7FA964577}.Debug|x64.Build.0 = Debug|x64
	EndGlobalSection
	GlobalSection(SolutionProperties) = preSolution
		HideSolutionNode = FALSE
	EndGlobalSection
	GlobalSection(ExtensibilityGlobals) = postSolution
		SolutionGuid = {49D0168D-A068-4DA6-A865-EFF82CC732A1}
	EndGlobalSection
EndGlobal
